
Microsoft Visual Studio Solution File, Format Version 12.00
# Visual Studio Version 17
VisualStudioVersion = 17.7.34202.233
MinimumVisualStudioVersion = 10.0.40219.1
Project("{FAE04EC0-301F-11D3-BF4B-00C04F79EFBC}") = "BiYilanDaha", "BiYilanDaha\BiYilanDaha.csproj", "{151E2B0B-A670-4119-9806-50D8B98C21F4}"
EndProject
Global
	GlobalSection(SolutionConfigurationPlatforms) = preSolution
		Debug|Any CPU = Debug|Any CPU
		Release|Any CPU = Release|Any CPU
	EndGlobalSection
	GlobalSection(ProjectConfigurationPlatforms) = postSolution
		{151E2B0B-A670-4119-9806-50D8B98C21F4}.Debug|Any CPU.ActiveCfg = Debug|Any CPU
		{151E2B0B-A670-4119-9806-50D8B98C21F4}.Debug|Any CPU.Build.0 = Debug|Any CPU
		{151E2B0B-A670-4119-9806-50D8B98C21F4}.Release|Any CPU.ActiveCfg = Release|Any CPU
		{151E2B0B-A670-4119-9806-50D8B98C21F4}.Release|Any CPU.Build.0 = Release|Any CPU
	EndGlobalSection
	GlobalSection(SolutionProperties) = preSolution
		HideSolutionNode = FALSE
	EndGlobalSection
	GlobalSection(ExtensibilityGlobals) = postSolution
		SolutionGuid = {55CEE41C-BF48-4206-B8F2-E81A65F3C9B1}
	EndGlobalSection
EndGlobal
